// !$*UTF8*$!
{
	archiveVersion = 1;
	classes = {
	};
	objectVersion = 77;
	objects = {

/* Begin PBXBuildFile section */
		056F1A9083CFD0F35BE56B4B /* Interpreter.swift in Sources */ = {isa = PBXBuildFile; fileRef = 44083DF235ACE8084DC9A498 /* Interpreter.swift */; };
		08AE6842CBAF80BC672E193D /* PressureUnit.swift in Sources */ = {isa = PBXBuildFile; fileRef = 4D967187F3CE6292310A2937 /* PressureUnit.swift */; };
		094EEF5E8D649C8E37BEB643 /* PressureStore.swift in Sources */ = {isa = PBXBuildFile; fileRef = 8A60F6C6B6915B13C8CAD3A3 /* PressureStore.swift */; };
		09EEB08561CA15D52D6E6036 /* WatchSettingsView.swift in Sources */ = {isa = PBXBuildFile; fileRef = F4F0EF3938BA8F192FB71228 /* WatchSettingsView.swift */; };
		0A97A6AB092391F5F45D58FC /* SharedSnapshot.swift in Sources */ = {isa = PBXBuildFile; fileRef = 05B1FFE586194CC516A637A6 /* SharedSnapshot.swift */; };
		0C6CE77FC97065E5CF6D21D1 /* WindUnit.swift in Sources */ = {isa = PBXBuildFile; fileRef = 8E3203C0CBC7B1D5F0A57759 /* WindUnit.swift */; };
		0DBDAD9882985AF6C51BD205 /* ComplicationViews.swift in Sources */ = {isa = PBXBuildFile; fileRef = 68D08500DD9FA42C666DFF25 /* ComplicationViews.swift */; };
		0F22D62C5D40785243A56CD0 /* PressureUnit.swift in Sources */ = {isa = PBXBuildFile; fileRef = 4D967187F3CE6292310A2937 /* PressureUnit.swift */; };
		161F54967F58CB6AF2EAE650 /* WindUnit.swift in Sources */ = {isa = PBXBuildFile; fileRef = 8E3203C0CBC7B1D5F0A57759 /* WindUnit.swift */; };
		17B2F3F6A33ED2C6DB766640 /* ForecastCaveatView.swift in Sources */ = {isa = PBXBuildFile; fileRef = 031482E889A2274CBD689E88 /* ForecastCaveatView.swift */; };
		20AD2A1B5CC1C7738EAEF8F5 /* StormAlerter.swift in Sources */ = {isa = PBXBuildFile; fileRef = E569F3B3B9FAB65C07970B1A /* StormAlerter.swift */; };
		2C56C28A6BD13F7F21CA306B /* BarryWatch.app in Embed Watch Content */ = {isa = PBXBuildFile; fileRef = F776D233FE3E44CDDD61C05B /* BarryWatch.app */; settings = {ATTRIBUTES = (RemoveHeadersOnCopy, ); }; };
		2D0CD865C6748C6CBA5D63AB /* PressureUnit.swift in Sources */ = {isa = PBXBuildFile; fileRef = 4D967187F3CE6292310A2937 /* PressureUnit.swift */; };
		2FF2F39288A0E15C1D7C4E43 /* BarryComplication.appex in Embed Foundation Extensions */ = {isa = PBXBuildFile; fileRef = 5B1CE5EDD6706AFE35F1B6D9 /* BarryComplication.appex */; settings = {ATTRIBUTES = (RemoveHeadersOnCopy, ); }; };
		31549614253BF1B636E51ED3 /* BarryComplication.swift in Sources */ = {isa = PBXBuildFile; fileRef = 726AB15B448612548C2CCCCD /* BarryComplication.swift */; };
		329FD23F1A42FEA608450C19 /* Interpreter.swift in Sources */ = {isa = PBXBuildFile; fileRef = 44083DF235ACE8084DC9A498 /* Interpreter.swift */; };
		3BE203844E7BC24AC1600A7B /* Interpreter.swift in Sources */ = {isa = PBXBuildFile; fileRef = 44083DF235ACE8084DC9A498 /* Interpreter.swift */; };
		3FD01657A6175EE55DF94D91 /* ConfirmationOverlayView.swift in Sources */ = {isa = PBXBuildFile; fileRef = A59F4AD2D2CF0AC8FB31B534 /* ConfirmationOverlayView.swift */; };
		42482AB94F1FE3D8035354D9 /* BarryAPI.swift in Sources */ = {isa = PBXBuildFile; fileRef = 77F57F70EF9FB821F18B91C0 /* BarryAPI.swift */; };
		4841725627A1F0AC607A52BE /* SharedSnapshot.swift in Sources */ = {isa = PBXBuildFile; fileRef = 05B1FFE586194CC516A637A6 /* SharedSnapshot.swift */; };
		4B47718B22FC9723FF410F76 /* BarryWatchApp.swift in Sources */ = {isa = PBXBuildFile; fileRef = 2BB3C628CF8662B6BEF5A73F /* BarryWatchApp.swift */; };
		4ED2D56EC1DA59D7FBBD779D /* HeroView.swift in Sources */ = {isa = PBXBuildFile; fileRef = 01599505777741EA095092C0 /* HeroView.swift */; };
		501E15BBC91B22998A389E76 /* Models.swift in Sources */ = {isa = PBXBuildFile; fileRef = 918B4D14CC966B0E820FC1AC /* Models.swift */; };
		5093AC139AE85DC8A14E0859 /* Assets.xcassets in Resources */ = {isa = PBXBuildFile; fileRef = 05E57A0FA0B17718D5FB1D5D /* Assets.xcassets */; };
		55E5298970D9B65C1E5B4F44 /* ComplicationDial.swift in Sources */ = {isa = PBXBuildFile; fileRef = 42AF37A1FEB24BB66E9E0A34 /* ComplicationDial.swift */; };
		568F6FDF35365FFD67F5D81D /* WindUnit.swift in Sources */ = {isa = PBXBuildFile; fileRef = 8E3203C0CBC7B1D5F0A57759 /* WindUnit.swift */; };
		56B07C1F7EC0EC1BF3B731E8 /* AppConfig.swift in Sources */ = {isa = PBXBuildFile; fileRef = 5C59EF4878E06062DC20D1D7 /* AppConfig.swift */; };
		571426E9EFB2689033DDB2CD /* BarryAPI.swift in Sources */ = {isa = PBXBuildFile; fileRef = 77F57F70EF9FB821F18B91C0 /* BarryAPI.swift */; };
		5976B0374D4F59B1A90268F5 /* AppConfig.swift in Sources */ = {isa = PBXBuildFile; fileRef = 5C59EF4878E06062DC20D1D7 /* AppConfig.swift */; };
		5D4B268BC5A7D6961B45D0FC /* TendencyProvider.swift in Sources */ = {isa = PBXBuildFile; fileRef = AFCA62747CCE2CAF42A5FBC2 /* TendencyProvider.swift */; };
		62FB812E1EB219CC6E616BBC /* Tendency.swift in Sources */ = {isa = PBXBuildFile; fileRef = 2542DA2C850B2399B31A9069 /* Tendency.swift */; };
		62FE249CDA4A80409C304F3D /* Tendency.swift in Sources */ = {isa = PBXBuildFile; fileRef = 2542DA2C850B2399B31A9069 /* Tendency.swift */; };
		63129BEFD89CFA743A98860E /* Models.swift in Sources */ = {isa = PBXBuildFile; fileRef = 918B4D14CC966B0E820FC1AC /* Models.swift */; };
		73C115787B3F6EB1F3D44776 /* Models.swift in Sources */ = {isa = PBXBuildFile; fileRef = 918B4D14CC966B0E820FC1AC /* Models.swift */; };
		77A46CEAE1569CD88532A37F /* BarometerTests.swift in Sources */ = {isa = PBXBuildFile; fileRef = 7C00F07F019E06DA06E95BD0 /* BarometerTests.swift */; };
		77F617DE1799A58749B82524 /* PressureHistory.swift in Sources */ = {isa = PBXBuildFile; fileRef = B6D7E548BFF9B58876E626A9 /* PressureHistory.swift */; };
		7917511FB9F6E4E7614296AA /* Tendency.swift in Sources */ = {isa = PBXBuildFile; fileRef = 2542DA2C850B2399B31A9069 /* Tendency.swift */; };
		83F986D9DDC3CCBE8FA83873 /* PressureChartView.swift in Sources */ = {isa = PBXBuildFile; fileRef = 778E430DEB72ECE6B1DB5CCA /* PressureChartView.swift */; };
		8B662BF9297E88CBB93B370B /* SensorComparisonView.swift in Sources */ = {isa = PBXBuildFile; fileRef = DA12AC45B8A41856114FD9A7 /* SensorComparisonView.swift */; };
		8C6BCDDE909F4DDEBB5F16AA /* SettingsView.swift in Sources */ = {isa = PBXBuildFile; fileRef = 72812DF1800A9DF0CF5EF2C3 /* SettingsView.swift */; };
		8C7B2F5AFF63137EA0451EA1 /* LocationManager.swift in Sources */ = {isa = PBXBuildFile; fileRef = 0094727B647701DDDCF17BD2 /* LocationManager.swift */; };
		8F156D0C3F3371A2376F2394 /* BarometerManager.swift in Sources */ = {isa = PBXBuildFile; fileRef = 02CC4610E9A811E4A3554DCB /* BarometerManager.swift */; };
		93B3BCD445531D00C4959583 /* PressureHistory.swift in Sources */ = {isa = PBXBuildFile; fileRef = B6D7E548BFF9B58876E626A9 /* PressureHistory.swift */; };
		98A632AA5A2B036CFA27697A /* PressureGuideView.swift in Sources */ = {isa = PBXBuildFile; fileRef = 6978CE026B8EEE1A560877C0 /* PressureGuideView.swift */; };
		9F987BE952507B2A891ADC78 /* PressureStore.swift in Sources */ = {isa = PBXBuildFile; fileRef = 8A60F6C6B6915B13C8CAD3A3 /* PressureStore.swift */; };
		A13AA88D91661ADCE95D6B34 /* PressureStore.swift in Sources */ = {isa = PBXBuildFile; fileRef = 8A60F6C6B6915B13C8CAD3A3 /* PressureStore.swift */; };
		A63CCB08373B1B5AE4CC5897 /* AppConfig.swift in Sources */ = {isa = PBXBuildFile; fileRef = 5C59EF4878E06062DC20D1D7 /* AppConfig.swift */; };
		A977EEB6ABB925E5A2B2B549 /* BackgroundRefresh.swift in Sources */ = {isa = PBXBuildFile; fileRef = 7CB1EFCBAEC1FFFB0EF24917 /* BackgroundRefresh.swift */; };
		B0DD843032BBA29B2C4097D0 /* PressureHistory.swift in Sources */ = {isa = PBXBuildFile; fileRef = B6D7E548BFF9B58876E626A9 /* PressureHistory.swift */; };
		B0ED75F3A2F54154E9DC25F8 /* LocationManager.swift in Sources */ = {isa = PBXBuildFile; fileRef = 0094727B647701DDDCF17BD2 /* LocationManager.swift */; };
		C1FA94A165B7428939C8372D /* Assets.xcassets in Resources */ = {isa = PBXBuildFile; fileRef = CD077DE63D0DE437229C43CC /* Assets.xcassets */; };
		D21F7D7C1B619DD998B3C235 /* LocationManager.swift in Sources */ = {isa = PBXBuildFile; fileRef = 0094727B647701DDDCF17BD2 /* LocationManager.swift */; };
		D3CCE6CB0DB066A238922179 /* BarryAPI.swift in Sources */ = {isa = PBXBuildFile; fileRef = 77F57F70EF9FB821F18B91C0 /* BarryAPI.swift */; };
		DACD1A75954EE1A27EDEC976 /* BarryApp.swift in Sources */ = {isa = PBXBuildFile; fileRef = 4B8FF4A39677C2C8F46B98F7 /* BarryApp.swift */; };
		E1DA0A2BA6D5DAE408366B62 /* ContentView.swift in Sources */ = {isa = PBXBuildFile; fileRef = 4EB1F388C1A5FE3D18F1D62E /* ContentView.swift */; };
		E1F631B6FE1E863E001704F2 /* SharedSnapshot.swift in Sources */ = {isa = PBXBuildFile; fileRef = 05B1FFE586194CC516A637A6 /* SharedSnapshot.swift */; };
		F1A6FC2E3347FCA151FA44A1 /* CoreMotion.framework in Frameworks */ = {isa = PBXBuildFile; fileRef = 292532F4A2C2D5C39CC797B1 /* CoreMotion.framework */; };
		F9FAEAFFE5323B1757725A34 /* WatchContentView.swift in Sources */ = {isa = PBXBuildFile; fileRef = E5A4A8464736F548F6F72A42 /* WatchContentView.swift */; };
/* End PBXBuildFile section */

/* Begin PBXContainerItemProxy section */
		0E67AEE147A88AFFDEC06F3E /* PBXContainerItemProxy */ = {
			isa = PBXContainerItemProxy;
			containerPortal = 62926B13FC503987447CF5E6 /* Project object */;
			proxyType = 1;
			remoteGlobalIDString = 5876656BFCB39671113D6441;
			remoteInfo = Barry;
		};
		5183243DF92A1AF147C5A26D /* PBXContainerItemProxy */ = {
			isa = PBXContainerItemProxy;
			containerPortal = 62926B13FC503987447CF5E6 /* Project object */;
			proxyType = 1;
			remoteGlobalIDString = 0F5F9DCD10132AA92370D5FC;
			remoteInfo = BarryComplication;
		};
		F658F5A5CCCCC54B90D6354A /* PBXContainerItemProxy */ = {
			isa = PBXContainerItemProxy;
			containerPortal = 62926B13FC503987447CF5E6 /* Project object */;
			proxyType = 1;
			remoteGlobalIDString = 5659B8A9F8FE7BC1B6C97E7F;
			remoteInfo = BarryWatch;
		};
/* End PBXContainerItemProxy section */

/* Begin PBXCopyFilesBuildPhase section */
		0802E66F696DB7E1114BD109 /* Embed Foundation Extensions */ = {
			isa = PBXCopyFilesBuildPhase;
			buildActionMask = 2147483647;
			dstPath = "";
			dstSubfolderSpec = 13;
			files = (
				2FF2F39288A0E15C1D7C4E43 /* BarryComplication.appex in Embed Foundation Extensions */,
			);
			name = "Embed Foundation Extensions";
			runOnlyForDeploymentPostprocessing = 0;
		};
		25682B45C4462B5B1861D889 /* Embed Watch Content */ = {
			isa = PBXCopyFilesBuildPhase;
			buildActionMask = 2147483647;
			dstPath = "$(CONTENTS_FOLDER_PATH)/Watch";
			dstSubfolderSpec = 16;
			files = (
				2C56C28A6BD13F7F21CA306B /* BarryWatch.app in Embed Watch Content */,
			);
			name = "Embed Watch Content";
			runOnlyForDeploymentPostprocessing = 0;
		};
/* End PBXCopyFilesBuildPhase section */

/* Begin PBXFileReference section */
		0094727B647701DDDCF17BD2 /* LocationManager.swift */ = {isa = PBXFileReference; lastKnownFileType = sourcecode.swift; path = LocationManager.swift; sourceTree = "<group>"; };
		01599505777741EA095092C0 /* HeroView.swift */ = {isa = PBXFileReference; lastKnownFileType = sourcecode.swift; path = HeroView.swift; sourceTree = "<group>"; };
		02CC4610E9A811E4A3554DCB /* BarometerManager.swift */ = {isa = PBXFileReference; lastKnownFileType = sourcecode.swift; path = BarometerManager.swift; sourceTree = "<group>"; };
		031482E889A2274CBD689E88 /* ForecastCaveatView.swift */ = {isa = PBXFileReference; lastKnownFileType = sourcecode.swift; path = ForecastCaveatView.swift; sourceTree = "<group>"; };
		05B1FFE586194CC516A637A6 /* SharedSnapshot.swift */ = {isa = PBXFileReference; lastKnownFileType = sourcecode.swift; path = SharedSnapshot.swift; sourceTree = "<group>"; };
		05E57A0FA0B17718D5FB1D5D /* Assets.xcassets */ = {isa = PBXFileReference; lastKnownFileType = folder.assetcatalog; path = Assets.xcassets; sourceTree = "<group>"; };
		1E86B20D35A1249F2520596E /* BarryWatch.entitlements */ = {isa = PBXFileReference; lastKnownFileType = text.plist.entitlements; path = BarryWatch.entitlements; sourceTree = "<group>"; };
		2542DA2C850B2399B31A9069 /* Tendency.swift */ = {isa = PBXFileReference; lastKnownFileType = sourcecode.swift; path = Tendency.swift; sourceTree = "<group>"; };
		292532F4A2C2D5C39CC797B1 /* CoreMotion.framework */ = {isa = PBXFileReference; lastKnownFileType = wrapper.framework; name = CoreMotion.framework; path = System/Library/Frameworks/CoreMotion.framework; sourceTree = SDKROOT; };
		2BB3C628CF8662B6BEF5A73F /* BarryWatchApp.swift */ = {isa = PBXFileReference; lastKnownFileType = sourcecode.swift; path = BarryWatchApp.swift; sourceTree = "<group>"; };
		42AF37A1FEB24BB66E9E0A34 /* ComplicationDial.swift */ = {isa = PBXFileReference; lastKnownFileType = sourcecode.swift; path = ComplicationDial.swift; sourceTree = "<group>"; };
		44083DF235ACE8084DC9A498 /* Interpreter.swift */ = {isa = PBXFileReference; lastKnownFileType = sourcecode.swift; path = Interpreter.swift; sourceTree = "<group>"; };
		4B8FF4A39677C2C8F46B98F7 /* BarryApp.swift */ = {isa = PBXFileReference; lastKnownFileType = sourcecode.swift; path = BarryApp.swift; sourceTree = "<group>"; };
		4D967187F3CE6292310A2937 /* PressureUnit.swift */ = {isa = PBXFileReference; lastKnownFileType = sourcecode.swift; path = PressureUnit.swift; sourceTree = "<group>"; };
		4EB1F388C1A5FE3D18F1D62E /* ContentView.swift */ = {isa = PBXFileReference; lastKnownFileType = sourcecode.swift; path = ContentView.swift; sourceTree = "<group>"; };
		5B1CE5EDD6706AFE35F1B6D9 /* BarryComplication.appex */ = {isa = PBXFileReference; explicitFileType = "wrapper.app-extension"; includeInIndex = 0; path = BarryComplication.appex; sourceTree = BUILT_PRODUCTS_DIR; };
		5C59EF4878E06062DC20D1D7 /* AppConfig.swift */ = {isa = PBXFileReference; lastKnownFileType = sourcecode.swift; path = AppConfig.swift; sourceTree = "<group>"; };
		68D08500DD9FA42C666DFF25 /* ComplicationViews.swift */ = {isa = PBXFileReference; lastKnownFileType = sourcecode.swift; path = ComplicationViews.swift; sourceTree = "<group>"; };
		6978CE026B8EEE1A560877C0 /* PressureGuideView.swift */ = {isa = PBXFileReference; lastKnownFileType = sourcecode.swift; path = PressureGuideView.swift; sourceTree = "<group>"; };
		711E43480463B0F36F74E35A /* Barry.app */ = {isa = PBXFileReference; includeInIndex = 0; lastKnownFileType = wrapper.application; path = Barry.app; sourceTree = BUILT_PRODUCTS_DIR; };
		7124BFCE70A82D184062809B /* BarryComplication.entitlements */ = {isa = PBXFileReference; lastKnownFileType = text.plist.entitlements; path = BarryComplication.entitlements; sourceTree = "<group>"; };
		726AB15B448612548C2CCCCD /* BarryComplication.swift */ = {isa = PBXFileReference; lastKnownFileType = sourcecode.swift; path = BarryComplication.swift; sourceTree = "<group>"; };
		72812DF1800A9DF0CF5EF2C3 /* SettingsView.swift */ = {isa = PBXFileReference; lastKnownFileType = sourcecode.swift; path = SettingsView.swift; sourceTree = "<group>"; };
		778E430DEB72ECE6B1DB5CCA /* PressureChartView.swift */ = {isa = PBXFileReference; lastKnownFileType = sourcecode.swift; path = PressureChartView.swift; sourceTree = "<group>"; };
		77F57F70EF9FB821F18B91C0 /* BarryAPI.swift */ = {isa = PBXFileReference; lastKnownFileType = sourcecode.swift; path = BarryAPI.swift; sourceTree = "<group>"; };
		7C00F07F019E06DA06E95BD0 /* BarometerTests.swift */ = {isa = PBXFileReference; lastKnownFileType = sourcecode.swift; path = BarometerTests.swift; sourceTree = "<group>"; };
		7CB1EFCBAEC1FFFB0EF24917 /* BackgroundRefresh.swift */ = {isa = PBXFileReference; lastKnownFileType = sourcecode.swift; path = BackgroundRefresh.swift; sourceTree = "<group>"; };
		8A60F6C6B6915B13C8CAD3A3 /* PressureStore.swift */ = {isa = PBXFileReference; lastKnownFileType = sourcecode.swift; path = PressureStore.swift; sourceTree = "<group>"; };
		8E3203C0CBC7B1D5F0A57759 /* WindUnit.swift */ = {isa = PBXFileReference; lastKnownFileType = sourcecode.swift; path = WindUnit.swift; sourceTree = "<group>"; };
		914915E267DDB87BAB23CD51 /* BarryTests.xctest */ = {isa = PBXFileReference; includeInIndex = 0; lastKnownFileType = wrapper.cfbundle; path = BarryTests.xctest; sourceTree = BUILT_PRODUCTS_DIR; };
		918B4D14CC966B0E820FC1AC /* Models.swift */ = {isa = PBXFileReference; lastKnownFileType = sourcecode.swift; path = Models.swift; sourceTree = "<group>"; };
		95423D24AF145867D59E1434 /* Info.plist */ = {isa = PBXFileReference; lastKnownFileType = text.plist; path = Info.plist; sourceTree = "<group>"; };
		9639018DA53DA80272AC71E9 /* Barry.entitlements */ = {isa = PBXFileReference; lastKnownFileType = text.plist.entitlements; path = Barry.entitlements; sourceTree = "<group>"; };
		A59F4AD2D2CF0AC8FB31B534 /* ConfirmationOverlayView.swift */ = {isa = PBXFileReference; lastKnownFileType = sourcecode.swift; path = ConfirmationOverlayView.swift; sourceTree = "<group>"; };
		AFCA62747CCE2CAF42A5FBC2 /* TendencyProvider.swift */ = {isa = PBXFileReference; lastKnownFileType = sourcecode.swift; path = TendencyProvider.swift; sourceTree = "<group>"; };
		B6D7E548BFF9B58876E626A9 /* PressureHistory.swift */ = {isa = PBXFileReference; lastKnownFileType = sourcecode.swift; path = PressureHistory.swift; sourceTree = "<group>"; };
		CD077DE63D0DE437229C43CC /* Assets.xcassets */ = {isa = PBXFileReference; lastKnownFileType = folder.assetcatalog; path = Assets.xcassets; sourceTree = "<group>"; };
		CF51EF6C7C37D4CEE92CE308 /* Info.plist */ = {isa = PBXFileReference; lastKnownFileType = text.plist; path = Info.plist; sourceTree = "<group>"; };
		DA12AC45B8A41856114FD9A7 /* SensorComparisonView.swift */ = {isa = PBXFileReference; lastKnownFileType = sourcecode.swift; path = SensorComparisonView.swift; sourceTree = "<group>"; };
		E569F3B3B9FAB65C07970B1A /* StormAlerter.swift */ = {isa = PBXFileReference; lastKnownFileType = sourcecode.swift; path = StormAlerter.swift; sourceTree = "<group>"; };
		E5A4A8464736F548F6F72A42 /* WatchContentView.swift */ = {isa = PBXFileReference; lastKnownFileType = sourcecode.swift; path = WatchContentView.swift; sourceTree = "<group>"; };
		F4C5676D3E1E52D59CDFED12 /* Info.plist */ = {isa = PBXFileReference; lastKnownFileType = text.plist; path = Info.plist; sourceTree = "<group>"; };
		F4F0EF3938BA8F192FB71228 /* WatchSettingsView.swift */ = {isa = PBXFileReference; lastKnownFileType = sourcecode.swift; path = WatchSettingsView.swift; sourceTree = "<group>"; };
		F776D233FE3E44CDDD61C05B /* BarryWatch.app */ = {isa = PBXFileReference; explicitFileType = wrapper.application; includeInIndex = 0; path = BarryWatch.app; sourceTree = BUILT_PRODUCTS_DIR; };
/* End PBXFileReference section */

/* Begin PBXFrameworksBuildPhase section */
		C1590A46410693ED540028AF /* Frameworks */ = {
			isa = PBXFrameworksBuildPhase;
			buildActionMask = 2147483647;
			files = (
				F1A6FC2E3347FCA151FA44A1 /* CoreMotion.framework in Frameworks */,
			);
			runOnlyForDeploymentPostprocessing = 0;
		};
/* End PBXFrameworksBuildPhase section */

/* Begin PBXGroup section */
		1BD25583298653F0C2CCFD19 /* WatchComplication */ = {
			isa = PBXGroup;
			children = (
				7124BFCE70A82D184062809B /* BarryComplication.entitlements */,
				726AB15B448612548C2CCCCD /* BarryComplication.swift */,
				42AF37A1FEB24BB66E9E0A34 /* ComplicationDial.swift */,
				68D08500DD9FA42C666DFF25 /* ComplicationViews.swift */,
				95423D24AF145867D59E1434 /* Info.plist */,
				AFCA62747CCE2CAF42A5FBC2 /* TendencyProvider.swift */,
			);
			path = WatchComplication;
			sourceTree = "<group>";
		};
		25FA9FE4534CDB72E7FC40FA /* iOSAppTests */ = {
			isa = PBXGroup;
			children = (
				7C00F07F019E06DA06E95BD0 /* BarometerTests.swift */,
			);
			path = iOSAppTests;
			sourceTree = "<group>";
		};
		32D7C9FAD0C2F3626EA22B10 /* Shared */ = {
			isa = PBXGroup;
			children = (
				5C59EF4878E06062DC20D1D7 /* AppConfig.swift */,
				77F57F70EF9FB821F18B91C0 /* BarryAPI.swift */,
				44083DF235ACE8084DC9A498 /* Interpreter.swift */,
				0094727B647701DDDCF17BD2 /* LocationManager.swift */,
				918B4D14CC966B0E820FC1AC /* Models.swift */,
				B6D7E548BFF9B58876E626A9 /* PressureHistory.swift */,
				8A60F6C6B6915B13C8CAD3A3 /* PressureStore.swift */,
				4D967187F3CE6292310A2937 /* PressureUnit.swift */,
				05B1FFE586194CC516A637A6 /* SharedSnapshot.swift */,
				2542DA2C850B2399B31A9069 /* Tendency.swift */,
				8E3203C0CBC7B1D5F0A57759 /* WindUnit.swift */,
			);
			path = Shared;
			sourceTree = "<group>";
		};
		458F69C49FA512C6804698F5 /* Products */ = {
			isa = PBXGroup;
			children = (
				711E43480463B0F36F74E35A /* Barry.app */,
				5B1CE5EDD6706AFE35F1B6D9 /* BarryComplication.appex */,
				914915E267DDB87BAB23CD51 /* BarryTests.xctest */,
				F776D233FE3E44CDDD61C05B /* BarryWatch.app */,
			);
			name = Products;
			sourceTree = "<group>";
		};
		525616942CE288E61F6EA737 /* WatchApp */ = {
			isa = PBXGroup;
			children = (
				05E57A0FA0B17718D5FB1D5D /* Assets.xcassets */,
				1E86B20D35A1249F2520596E /* BarryWatch.entitlements */,
				2BB3C628CF8662B6BEF5A73F /* BarryWatchApp.swift */,
				CF51EF6C7C37D4CEE92CE308 /* Info.plist */,
				E5A4A8464736F548F6F72A42 /* WatchContentView.swift */,
				F4F0EF3938BA8F192FB71228 /* WatchSettingsView.swift */,
			);
			path = WatchApp;
			sourceTree = "<group>";
		};
		7EC2F4433082FD00C5B6F0BA = {
			isa = PBXGroup;
			children = (
				A4A9AC0D83C4E6AE65621FD8 /* Barry */,
				E6A9348D0ADE6FD78978E25B /* Frameworks */,
				458F69C49FA512C6804698F5 /* Products */,
			);
			sourceTree = "<group>";
		};
		A4A9AC0D83C4E6AE65621FD8 /* Barry */ = {
			isa = PBXGroup;
			children = (
				CEA6BF2191949B48EFAF9B73 /* iOSApp */,
				25FA9FE4534CDB72E7FC40FA /* iOSAppTests */,
				32D7C9FAD0C2F3626EA22B10 /* Shared */,
				525616942CE288E61F6EA737 /* WatchApp */,
				1BD25583298653F0C2CCFD19 /* WatchComplication */,
			);
			path = Barry;
			sourceTree = "<group>";
		};
		CEA6BF2191949B48EFAF9B73 /* iOSApp */ = {
			isa = PBXGroup;
			children = (
				CD077DE63D0DE437229C43CC /* Assets.xcassets */,
				7CB1EFCBAEC1FFFB0EF24917 /* BackgroundRefresh.swift */,
				02CC4610E9A811E4A3554DCB /* BarometerManager.swift */,
				9639018DA53DA80272AC71E9 /* Barry.entitlements */,
				4B8FF4A39677C2C8F46B98F7 /* BarryApp.swift */,
				A59F4AD2D2CF0AC8FB31B534 /* ConfirmationOverlayView.swift */,
				4EB1F388C1A5FE3D18F1D62E /* ContentView.swift */,
				031482E889A2274CBD689E88 /* ForecastCaveatView.swift */,
				01599505777741EA095092C0 /* HeroView.swift */,
				F4C5676D3E1E52D59CDFED12 /* Info.plist */,
				778E430DEB72ECE6B1DB5CCA /* PressureChartView.swift */,
				6978CE026B8EEE1A560877C0 /* PressureGuideView.swift */,
				DA12AC45B8A41856114FD9A7 /* SensorComparisonView.swift */,
				72812DF1800A9DF0CF5EF2C3 /* SettingsView.swift */,
				E569F3B3B9FAB65C07970B1A /* StormAlerter.swift */,
			);
			path = iOSApp;
			sourceTree = "<group>";
		};
		E6A9348D0ADE6FD78978E25B /* Frameworks */ = {
			isa = PBXGroup;
			children = (
				292532F4A2C2D5C39CC797B1 /* CoreMotion.framework */,
			);
			name = Frameworks;
			sourceTree = "<group>";
		};
/* End PBXGroup section */

/* Begin PBXNativeTarget section */
		0F5F9DCD10132AA92370D5FC /* BarryComplication */ = {
			isa = PBXNativeTarget;
			buildConfigurationList = 8B82FE817E8D7D8C1728D9EB /* Build configuration list for PBXNativeTarget "BarryComplication" */;
			buildPhases = (
				3930C32599B7E4B78B9AE976 /* Sources */,
			);
			buildRules = (
			);
			dependencies = (
			);
			name = BarryComplication;
			packageProductDependencies = (
			);
			productName = BarryComplication;
			productReference = 5B1CE5EDD6706AFE35F1B6D9 /* BarryComplication.appex */;
			productType = "com.apple.product-type.app-extension";
		};
		5659B8A9F8FE7BC1B6C97E7F /* BarryWatch */ = {
			isa = PBXNativeTarget;
			buildConfigurationList = FB8AECBCD99F8550F87E469E /* Build configuration list for PBXNativeTarget "BarryWatch" */;
			buildPhases = (
				F9BC4966F2C45BBB0CAB0AC9 /* Sources */,
				5FC6329811FB2224E4A4D0F5 /* Resources */,
				0802E66F696DB7E1114BD109 /* Embed Foundation Extensions */,
			);
			buildRules = (
			);
			dependencies = (
				DE2BECAB2C6DE14A66D73722 /* PBXTargetDependency */,
			);
			name = BarryWatch;
			packageProductDependencies = (
			);
			productName = BarryWatch;
			productReference = F776D233FE3E44CDDD61C05B /* BarryWatch.app */;
			productType = "com.apple.product-type.application";
		};
		5876656BFCB39671113D6441 /* Barry */ = {
			isa = PBXNativeTarget;
			buildConfigurationList = FB737F80D8DCFF962B9BD6E1 /* Build configuration list for PBXNativeTarget "Barry" */;
			buildPhases = (
				8CDDC51BB498D44906A8F13B /* Sources */,
				F647D916B531A4C4F3C4E254 /* Resources */,
				C1590A46410693ED540028AF /* Frameworks */,
				25682B45C4462B5B1861D889 /* Embed Watch Content */,
			);
			buildRules = (
			);
			dependencies = (
				78CBCA00AEECC684B739180E /* PBXTargetDependency */,
			);
			name = Barry;
			packageProductDependencies = (
			);
			productName = Barry;
			productReference = 711E43480463B0F36F74E35A /* Barry.app */;
			productType = "com.apple.product-type.application";
		};
		AB3A268187AB106F4438FF00 /* BarryTests */ = {
			isa = PBXNativeTarget;
			buildConfigurationList = 934042CBB656E6181E81C3C4 /* Build configuration list for PBXNativeTarget "BarryTests" */;
			buildPhases = (
				0E93E47B5B589E2976478411 /* Sources */,
			);
			buildRules = (
			);
			dependencies = (
				2C480611AA8693C67625048C /* PBXTargetDependency */,
			);
			name = BarryTests;
			packageProductDependencies = (
			);
			productName = BarryTests;
			productReference = 914915E267DDB87BAB23CD51 /* BarryTests.xctest */;
			productType = "com.apple.product-type.bundle.unit-test";
		};
/* End PBXNativeTarget section */

/* Begin PBXProject section */
		62926B13FC503987447CF5E6 /* Project object */ = {
			isa = PBXProject;
			attributes = {
				BuildIndependentTargetsInParallel = YES;
				LastUpgradeCheck = 1430;
				TargetAttributes = {
					0F5F9DCD10132AA92370D5FC = {
						DevelopmentTeam = 46RX35CZGW;
					};
					5659B8A9F8FE7BC1B6C97E7F = {
						DevelopmentTeam = 46RX35CZGW;
					};
					5876656BFCB39671113D6441 = {
						DevelopmentTeam = 46RX35CZGW;
					};
					AB3A268187AB106F4438FF00 = {
						DevelopmentTeam = 46RX35CZGW;
					};
				};
			};
			buildConfigurationList = 925CF8682685D2DB32E2BA78 /* Build configuration list for PBXProject "Barry" */;
			developmentRegion = en;
			hasScannedForEncodings = 0;
			knownRegions = (
				Base,
				en,
			);
			mainGroup = 7EC2F4433082FD00C5B6F0BA;
			minimizedProjectReferenceProxies = 1;
			preferredProjectObjectVersion = 77;
			productRefGroup = 458F69C49FA512C6804698F5 /* Products */;
			projectDirPath = "";
			projectRoot = "";
			targets = (
				5876656BFCB39671113D6441 /* Barry */,
				0F5F9DCD10132AA92370D5FC /* BarryComplication */,
				AB3A268187AB106F4438FF00 /* BarryTests */,
				5659B8A9F8FE7BC1B6C97E7F /* BarryWatch */,
			);
		};
/* End PBXProject section */

/* Begin PBXResourcesBuildPhase section */
		5FC6329811FB2224E4A4D0F5 /* Resources */ = {
			isa = PBXResourcesBuildPhase;
			buildActionMask = 2147483647;
			files = (
				5093AC139AE85DC8A14E0859 /* Assets.xcassets in Resources */,
			);
			runOnlyForDeploymentPostprocessing = 0;
		};
		F647D916B531A4C4F3C4E254 /* Resources */ = {
			isa = PBXResourcesBuildPhase;
			buildActionMask = 2147483647;
			files = (
				C1FA94A165B7428939C8372D /* Assets.xcassets in Resources */,
			);
			runOnlyForDeploymentPostprocessing = 0;
		};
/* End PBXResourcesBuildPhase section */

/* Begin PBXSourcesBuildPhase section */
		0E93E47B5B589E2976478411 /* Sources */ = {
			isa = PBXSourcesBuildPhase;
			buildActionMask = 2147483647;
			files = (
				77A46CEAE1569CD88532A37F /* BarometerTests.swift in Sources */,
			);
			runOnlyForDeploymentPostprocessing = 0;
		};
		3930C32599B7E4B78B9AE976 /* Sources */ = {
			isa = PBXSourcesBuildPhase;
			buildActionMask = 2147483647;
			files = (
				56B07C1F7EC0EC1BF3B731E8 /* AppConfig.swift in Sources */,
				571426E9EFB2689033DDB2CD /* BarryAPI.swift in Sources */,
				31549614253BF1B636E51ED3 /* BarryComplication.swift in Sources */,
				55E5298970D9B65C1E5B4F44 /* ComplicationDial.swift in Sources */,
				0DBDAD9882985AF6C51BD205 /* ComplicationViews.swift in Sources */,
				329FD23F1A42FEA608450C19 /* Interpreter.swift in Sources */,
				D21F7D7C1B619DD998B3C235 /* LocationManager.swift in Sources */,
				73C115787B3F6EB1F3D44776 /* Models.swift in Sources */,
				93B3BCD445531D00C4959583 /* PressureHistory.swift in Sources */,
				A13AA88D91661ADCE95D6B34 /* PressureStore.swift in Sources */,
				2D0CD865C6748C6CBA5D63AB /* PressureUnit.swift in Sources */,
				0A97A6AB092391F5F45D58FC /* SharedSnapshot.swift in Sources */,
				62FB812E1EB219CC6E616BBC /* Tendency.swift in Sources */,
				5D4B268BC5A7D6961B45D0FC /* TendencyProvider.swift in Sources */,
				161F54967F58CB6AF2EAE650 /* WindUnit.swift in Sources */,
			);
			runOnlyForDeploymentPostprocessing = 0;
		};
		8CDDC51BB498D44906A8F13B /* Sources */ = {
			isa = PBXSourcesBuildPhase;
			buildActionMask = 2147483647;
			files = (
				A63CCB08373B1B5AE4CC5897 /* AppConfig.swift in Sources */,
				A977EEB6ABB925E5A2B2B549 /* BackgroundRefresh.swift in Sources */,
				8F156D0C3F3371A2376F2394 /* BarometerManager.swift in Sources */,
				D3CCE6CB0DB066A238922179 /* BarryAPI.swift in Sources */,
				DACD1A75954EE1A27EDEC976 /* BarryApp.swift in Sources */,
				3FD01657A6175EE55DF94D91 /* ConfirmationOverlayView.swift in Sources */,
				E1DA0A2BA6D5DAE408366B62 /* ContentView.swift in Sources */,
				17B2F3F6A33ED2C6DB766640 /* ForecastCaveatView.swift in Sources */,
				4ED2D56EC1DA59D7FBBD779D /* HeroView.swift in Sources */,
				3BE203844E7BC24AC1600A7B /* Interpreter.swift in Sources */,
				8C7B2F5AFF63137EA0451EA1 /* LocationManager.swift in Sources */,
				63129BEFD89CFA743A98860E /* Models.swift in Sources */,
				83F986D9DDC3CCBE8FA83873 /* PressureChartView.swift in Sources */,
				98A632AA5A2B036CFA27697A /* PressureGuideView.swift in Sources */,
				77F617DE1799A58749B82524 /* PressureHistory.swift in Sources */,
				094EEF5E8D649C8E37BEB643 /* PressureStore.swift in Sources */,
				0F22D62C5D40785243A56CD0 /* PressureUnit.swift in Sources */,
				8B662BF9297E88CBB93B370B /* SensorComparisonView.swift in Sources */,
				8C6BCDDE909F4DDEBB5F16AA /* SettingsView.swift in Sources */,
				4841725627A1F0AC607A52BE /* SharedSnapshot.swift in Sources */,
				20AD2A1B5CC1C7738EAEF8F5 /* StormAlerter.swift in Sources */,
				7917511FB9F6E4E7614296AA /* Tendency.swift in Sources */,
				0C6CE77FC97065E5CF6D21D1 /* WindUnit.swift in Sources */,
			);
			runOnlyForDeploymentPostprocessing = 0;
		};
		F9BC4966F2C45BBB0CAB0AC9 /* Sources */ = {
			isa = PBXSourcesBuildPhase;
			buildActionMask = 2147483647;
			files = (
				5976B0374D4F59B1A90268F5 /* AppConfig.swift in Sources */,
				42482AB94F1FE3D8035354D9 /* BarryAPI.swift in Sources */,
				4B47718B22FC9723FF410F76 /* BarryWatchApp.swift in Sources */,
				056F1A9083CFD0F35BE56B4B /* Interpreter.swift in Sources */,
				B0ED75F3A2F54154E9DC25F8 /* LocationManager.swift in Sources */,
				501E15BBC91B22998A389E76 /* Models.swift in Sources */,
				B0DD843032BBA29B2C4097D0 /* PressureHistory.swift in Sources */,
				9F987BE952507B2A891ADC78 /* PressureStore.swift in Sources */,
				08AE6842CBAF80BC672E193D /* PressureUnit.swift in Sources */,
				E1F631B6FE1E863E001704F2 /* SharedSnapshot.swift in Sources */,
				62FE249CDA4A80409C304F3D /* Tendency.swift in Sources */,
				F9FAEAFFE5323B1757725A34 /* WatchContentView.swift in Sources */,
				09EEB08561CA15D52D6E6036 /* WatchSettingsView.swift in Sources */,
				568F6FDF35365FFD67F5D81D /* WindUnit.swift in Sources */,
			);
			runOnlyForDeploymentPostprocessing = 0;
		};
/* End PBXSourcesBuildPhase section */

/* Begin PBXTargetDependency section */
		2C480611AA8693C67625048C /* PBXTargetDependency */ = {
			isa = PBXTargetDependency;
			target = 5876656BFCB39671113D6441 /* Barry */;
			targetProxy = 0E67AEE147A88AFFDEC06F3E /* PBXContainerItemProxy */;
		};
		78CBCA00AEECC684B739180E /* PBXTargetDependency */ = {
			isa = PBXTargetDependency;
			target = 5659B8A9F8FE7BC1B6C97E7F /* BarryWatch */;
			targetProxy = F658F5A5CCCCC54B90D6354A /* PBXContainerItemProxy */;
		};
		DE2BECAB2C6DE14A66D73722 /* PBXTargetDependency */ = {
			isa = PBXTargetDependency;
			target = 0F5F9DCD10132AA92370D5FC /* BarryComplication */;
			targetProxy = 5183243DF92A1AF147C5A26D /* PBXContainerItemProxy */;
		};
/* End PBXTargetDependency section */

/* Begin XCBuildConfiguration section */
		01448B9C6B0C267A0B550B8F /* Release */ = {
			isa = XCBuildConfiguration;
			buildSettings = {
				CODE_SIGN_ENTITLEMENTS = Barry/WatchComplication/BarryComplication.entitlements;
				GENERATE_INFOPLIST_FILE = NO;
				INFOPLIST_FILE = Barry/WatchComplication/Info.plist;
				LD_RUNPATH_SEARCH_PATHS = (
					"$(inherited)",
					"@executable_path/Frameworks",
					"@executable_path/../../Frameworks",
				);
				PRODUCT_BUNDLE_IDENTIFIER = me.wvr.barry.watchkitapp.BarryWidget;
				SDKROOT = watchos;
				SKIP_INSTALL = YES;
				TARGETED_DEVICE_FAMILY = 4;
			};
			name = Release;
		};
		233086F269110B6A973E34E5 /* Debug */ = {
			isa = XCBuildConfiguration;
			buildSettings = {
				ALWAYS_SEARCH_USER_PATHS = NO;
				CLANG_ANALYZER_NONNULL = YES;
				CLANG_ANALYZER_NUMBER_OBJECT_CONVERSION = YES_AGGRESSIVE;
				CLANG_CXX_LANGUAGE_STANDARD = "gnu++14";
				CLANG_CXX_LIBRARY = "libc++";
				CLANG_ENABLE_MODULES = YES;
				CLANG_ENABLE_OBJC_ARC = YES;
				CLANG_ENABLE_OBJC_WEAK = YES;
				CLANG_WARN_BLOCK_CAPTURE_AUTORELEASING = YES;
				CLANG_WARN_BOOL_CONVERSION = YES;
				CLANG_WARN_COMMA = YES;
				CLANG_WARN_CONSTANT_CONVERSION = YES;
				CLANG_WARN_DEPRECATED_OBJC_IMPLEMENTATIONS = YES;
				CLANG_WARN_DIRECT_OBJC_ISA_USAGE = YES_ERROR;
				CLANG_WARN_DOCUMENTATION_COMMENTS = YES;
				CLANG_WARN_EMPTY_BODY = YES;
				CLANG_WARN_ENUM_CONVERSION = YES;
				CLANG_WARN_INFINITE_RECURSION = YES;
				CLANG_WARN_INT_CONVERSION = YES;
				CLANG_WARN_NON_LITERAL_NULL_CONVERSION = YES;
				CLANG_WARN_OBJC_IMPLICIT_RETAIN_SELF = YES;
				CLANG_WARN_OBJC_LITERAL_CONVERSION = YES;
				CLANG_WARN_OBJC_ROOT_CLASS = YES_ERROR;
				CLANG_WARN_QUOTED_INCLUDE_IN_FRAMEWORK_HEADER = YES;
				CLANG_WARN_RANGE_LOOP_ANALYSIS = YES;
				CLANG_WARN_STRICT_PROTOTYPES = YES;
				CLANG_WARN_SUSPICIOUS_MOVE = YES;
				CLANG_WARN_UNGUARDED_AVAILABILITY = YES_AGGRESSIVE;
				CLANG_WARN_UNREACHABLE_CODE = YES;
				CLANG_WARN__DUPLICATE_METHOD_MATCH = YES;
				COPY_PHASE_STRIP = NO;
				CURRENT_PROJECT_VERSION = 3;
				DEBUG_INFORMATION_FORMAT = dwarf;
				DEVELOPMENT_TEAM = 46RX35CZGW;
				ENABLE_STRICT_OBJC_MSGSEND = YES;
				ENABLE_TESTABILITY = YES;
				GCC_C_LANGUAGE_STANDARD = gnu11;
				GCC_DYNAMIC_NO_PIC = NO;
				GCC_NO_COMMON_BLOCKS = YES;
				GCC_OPTIMIZATION_LEVEL = 0;
				GCC_PREPROCESSOR_DEFINITIONS = (
					"$(inherited)",
					"DEBUG=1",
				);
				GCC_WARN_64_TO_32_BIT_CONVERSION = YES;
				GCC_WARN_ABOUT_RETURN_TYPE = YES_ERROR;
				GCC_WARN_UNDECLARED_SELECTOR = YES;
				GCC_WARN_UNINITIALIZED_AUTOS = YES_AGGRESSIVE;
				GCC_WARN_UNUSED_FUNCTION = YES;
				GCC_WARN_UNUSED_VARIABLE = YES;
				IPHONEOS_DEPLOYMENT_TARGET = 17.0;
				MARKETING_VERSION = 1.0;
				MTL_ENABLE_DEBUG_INFO = INCLUDE_SOURCE;
				MTL_FAST_MATH = YES;
				ONLY_ACTIVE_ARCH = YES;
				PRODUCT_NAME = "$(TARGET_NAME)";
				SWIFT_ACTIVE_COMPILATION_CONDITIONS = DEBUG;
				SWIFT_OPTIMIZATION_LEVEL = "-Onone";
				SWIFT_VERSION = 5.9;
				WATCHOS_DEPLOYMENT_TARGET = 10.0;
			};
			name = Debug;
		};
		426E026F6113854224214E92 /* Debug */ = {
			isa = XCBuildConfiguration;
			buildSettings = {
				ASSETCATALOG_COMPILER_APPICON_NAME = AppIcon;
				CODE_SIGN_ENTITLEMENTS = Barry/WatchApp/BarryWatch.entitlements;
				GENERATE_INFOPLIST_FILE = NO;
				INFOPLIST_FILE = Barry/WatchApp/Info.plist;
				PRODUCT_BUNDLE_IDENTIFIER = me.wvr.barry.watchkitapp;
				SDKROOT = watchos;
				SKIP_INSTALL = YES;
				TARGETED_DEVICE_FAMILY = 4;
				WATCHOS_DEPLOYMENT_TARGET = 10.0;
			};
			name = Debug;
		};
		685B081F0C60FE105A3789FB /* Release */ = {
			isa = XCBuildConfiguration;
			buildSettings = {
				BUNDLE_LOADER = "$(TEST_HOST)";
				GENERATE_INFOPLIST_FILE = YES;
				LD_RUNPATH_SEARCH_PATHS = (
					"$(inherited)",
					"@executable_path/Frameworks",
					"@loader_path/Frameworks",
				);
				PRODUCT_BUNDLE_IDENTIFIER = me.wvr.barry.tests;
				SDKROOT = iphoneos;
				TARGETED_DEVICE_FAMILY = "1,2";
				TEST_HOST = "$(BUILT_PRODUCTS_DIR)/Barry.app/Barry";
			};
			name = Release;
		};
		94CE4D9E32E6635BFF324BC9 /* Release */ = {
			isa = XCBuildConfiguration;
			buildSettings = {
				ASSETCATALOG_COMPILER_APPICON_NAME = AppIcon;
				CODE_SIGN_ENTITLEMENTS = Barry/WatchApp/BarryWatch.entitlements;
				GENERATE_INFOPLIST_FILE = NO;
				INFOPLIST_FILE = Barry/WatchApp/Info.plist;
				PRODUCT_BUNDLE_IDENTIFIER = me.wvr.barry.watchkitapp;
				SDKROOT = watchos;
				SKIP_INSTALL = YES;
				TARGETED_DEVICE_FAMILY = 4;
				WATCHOS_DEPLOYMENT_TARGET = 10.0;
			};
			name = Release;
		};
		ADB2A63E7E19AEDA6A335DC7 /* Release */ = {
			isa = XCBuildConfiguration;
			buildSettings = {
				ASSETCATALOG_COMPILER_APPICON_NAME = AppIcon;
				CODE_SIGN_ENTITLEMENTS = Barry/iOSApp/Barry.entitlements;
				CODE_SIGN_IDENTITY = "iPhone Developer";
				GENERATE_INFOPLIST_FILE = NO;
				INFOPLIST_FILE = Barry/iOSApp/Info.plist;
				LD_RUNPATH_SEARCH_PATHS = (
					"$(inherited)",
					"@executable_path/Frameworks",
				);
				PRODUCT_BUNDLE_IDENTIFIER = me.wvr.barry;
				SDKROOT = iphoneos;
				TARGETED_DEVICE_FAMILY = "1,2";
			};
			name = Release;
		};
		BE7CC6681020BA8A54222839 /* Debug */ = {
			isa = XCBuildConfiguration;
			buildSettings = {
				BUNDLE_LOADER = "$(TEST_HOST)";
				GENERATE_INFOPLIST_FILE = YES;
				LD_RUNPATH_SEARCH_PATHS = (
					"$(inherited)",
					"@executable_path/Frameworks",
					"@loader_path/Frameworks",
				);
				PRODUCT_BUNDLE_IDENTIFIER = me.wvr.barry.tests;
				SDKROOT = iphoneos;
				TARGETED_DEVICE_FAMILY = "1,2";
				TEST_HOST = "$(BUILT_PRODUCTS_DIR)/Barry.app/Barry";
			};
			name = Debug;
		};
		CD87CF5FB857DAE98394E13E /* Debug */ = {
			isa = XCBuildConfiguration;
			buildSettings = {
				CODE_SIGN_ENTITLEMENTS = Barry/WatchComplication/BarryComplication.entitlements;
				GENERATE_INFOPLIST_FILE = NO;
				INFOPLIST_FILE = Barry/WatchComplication/Info.plist;
				LD_RUNPATH_SEARCH_PATHS = (
					"$(inherited)",
					"@executable_path/Frameworks",
					"@executable_path/../../Frameworks",
				);
				PRODUCT_BUNDLE_IDENTIFIER = me.wvr.barry.watchkitapp.BarryWidget;
				SDKROOT = watchos;
				SKIP_INSTALL = YES;
				TARGETED_DEVICE_FAMILY = 4;
			};
			name = Debug;
		};
		E341511182ACEE9328D562A3 /* Release */ = {
			isa = XCBuildConfiguration;
			buildSettings = {
				ALWAYS_SEARCH_USER_PATHS = NO;
				CLANG_ANALYZER_NONNULL = YES;
				CLANG_ANALYZER_NUMBER_OBJECT_CONVERSION = YES_AGGRESSIVE;
				CLANG_CXX_LANGUAGE_STANDARD = "gnu++14";
				CLANG_CXX_LIBRARY = "libc++";
				CLANG_ENABLE_MODULES = YES;
				CLANG_ENABLE_OBJC_ARC = YES;
				CLANG_ENABLE_OBJC_WEAK = YES;
				CLANG_WARN_BLOCK_CAPTURE_AUTORELEASING = YES;
				CLANG_WARN_BOOL_CONVERSION = YES;
				CLANG_WARN_COMMA = YES;
				CLANG_WARN_CONSTANT_CONVERSION = YES;
				CLANG_WARN_DEPRECATED_OBJC_IMPLEMENTATIONS = YES;
				CLANG_WARN_DIRECT_OBJC_ISA_USAGE = YES_ERROR;
				CLANG_WARN_DOCUMENTATION_COMMENTS = YES;
				CLANG_WARN_EMPTY_BODY = YES;
				CLANG_WARN_ENUM_CONVERSION = YES;
				CLANG_WARN_INFINITE_RECURSION = YES;
				CLANG_WARN_INT_CONVERSION = YES;
				CLANG_WARN_NON_LITERAL_NULL_CONVERSION = YES;
				CLANG_WARN_OBJC_IMPLICIT_RETAIN_SELF = YES;
				CLANG_WARN_OBJC_LITERAL_CONVERSION = YES;
				CLANG_WARN_OBJC_ROOT_CLASS = YES_ERROR;
				CLANG_WARN_QUOTED_INCLUDE_IN_FRAMEWORK_HEADER = YES;
				CLANG_WARN_RANGE_LOOP_ANALYSIS = YES;
				CLANG_WARN_STRICT_PROTOTYPES = YES;
				CLANG_WARN_SUSPICIOUS_MOVE = YES;
				CLANG_WARN_UNGUARDED_AVAILABILITY = YES_AGGRESSIVE;
				CLANG_WARN_UNREACHABLE_CODE = YES;
				CLANG_WARN__DUPLICATE_METHOD_MATCH = YES;
				COPY_PHASE_STRIP = NO;
				CURRENT_PROJECT_VERSION = 3;
				DEBUG_INFORMATION_FORMAT = "dwarf-with-dsym";
				DEVELOPMENT_TEAM = 46RX35CZGW;
				ENABLE_NS_ASSERTIONS = NO;
				ENABLE_STRICT_OBJC_MSGSEND = YES;
				GCC_C_LANGUAGE_STANDARD = gnu11;
				GCC_NO_COMMON_BLOCKS = YES;
				GCC_WARN_64_TO_32_BIT_CONVERSION = YES;
				GCC_WARN_ABOUT_RETURN_TYPE = YES_ERROR;
				GCC_WARN_UNDECLARED_SELECTOR = YES;
				GCC_WARN_UNINITIALIZED_AUTOS = YES_AGGRESSIVE;
				GCC_WARN_UNUSED_FUNCTION = YES;
				GCC_WARN_UNUSED_VARIABLE = YES;
				IPHONEOS_DEPLOYMENT_TARGET = 17.0;
				MARKETING_VERSION = 1.0;
				MTL_ENABLE_DEBUG_INFO = NO;
				MTL_FAST_MATH = YES;
				PRODUCT_NAME = "$(TARGET_NAME)";
				SWIFT_COMPILATION_MODE = wholemodule;
				SWIFT_OPTIMIZATION_LEVEL = "-O";
				SWIFT_VERSION = 5.9;
				WATCHOS_DEPLOYMENT_TARGET = 10.0;
			};
			name = Release;
		};
		FE7C58C1BF6A78F5847FC70A /* Debug */ = {
			isa = XCBuildConfiguration;
			buildSettings = {
				ASSETCATALOG_COMPILER_APPICON_NAME = AppIcon;
				CODE_SIGN_ENTITLEMENTS = Barry/iOSApp/Barry.entitlements;
				CODE_SIGN_IDENTITY = "iPhone Developer";
				GENERATE_INFOPLIST_FILE = NO;
				INFOPLIST_FILE = Barry/iOSApp/Info.plist;
				LD_RUNPATH_SEARCH_PATHS = (
					"$(inherited)",
					"@executable_path/Frameworks",
				);
				PRODUCT_BUNDLE_IDENTIFIER = me.wvr.barry;
				SDKROOT = iphoneos;
				TARGETED_DEVICE_FAMILY = "1,2";
			};
			name = Debug;
		};
/* End XCBuildConfiguration section */

/* Begin XCConfigurationList section */
		8B82FE817E8D7D8C1728D9EB /* Build configuration list for PBXNativeTarget "BarryComplication" */ = {
			isa = XCConfigurationList;
			buildConfigurations = (
				CD87CF5FB857DAE98394E13E /* Debug */,
				01448B9C6B0C267A0B550B8F /* Release */,
			);
			defaultConfigurationIsVisible = 0;
			defaultConfigurationName = Debug;
		};
		925CF8682685D2DB32E2BA78 /* Build configuration list for PBXProject "Barry" */ = {
			isa = XCConfigurationList;
			buildConfigurations = (
				233086F269110B6A973E34E5 /* Debug */,
				E341511182ACEE9328D562A3 /* Release */,
			);
			defaultConfigurationIsVisible = 0;
			defaultConfigurationName = Debug;
		};
		934042CBB656E6181E81C3C4 /* Build configuration list for PBXNativeTarget "BarryTests" */ = {
			isa = XCConfigurationList;
			buildConfigurations = (
				BE7CC6681020BA8A54222839 /* Debug */,
				685B081F0C60FE105A3789FB /* Release */,
			);
			defaultConfigurationIsVisible = 0;
			defaultConfigurationName = Debug;
		};
		FB737F80D8DCFF962B9BD6E1 /* Build configuration list for PBXNativeTarget "Barry" */ = {
			isa = XCConfigurationList;
			buildConfigurations = (
				FE7C58C1BF6A78F5847FC70A /* Debug */,
				ADB2A63E7E19AEDA6A335DC7 /* Release */,
			);
			defaultConfigurationIsVisible = 0;
			defaultConfigurationName = Debug;
		};
		FB8AECBCD99F8550F87E469E /* Build configuration list for PBXNativeTarget "BarryWatch" */ = {
			isa = XCConfigurationList;
			buildConfigurations = (
				426E026F6113854224214E92 /* Debug */,
				94CE4D9E32E6635BFF324BC9 /* Release */,
			);
			defaultConfigurationIsVisible = 0;
			defaultConfigurationName = Debug;
		};
/* End XCConfigurationList section */
	};
	rootObject = 62926B13FC503987447CF5E6 /* Project object */;
}
